
Microsoft Visual Studio Solution File, Format Version 12.00
# Visual Studio Version 16
VisualStudioVersion = 16.0.30717.126
MinimumVisualStudioVersion = 10.0.40219.1
Project("{FAE04EC0-301F-11D3-BF4B-00C04F79EFBC}") = "AppBooks", "AppBooks\AppBooks.csproj", "{F51F4BB8-651C-442C-928C-1D6FC37C3A3D}"
EndProject
Global
	GlobalSection(SolutionConfigurationPlatforms) = preSolution
		Debug|Any CPU = Debug|Any CPU
		Release|Any CPU = Release|Any CPU
	EndGlobalSection
	GlobalSection(ProjectConfigurationPlatforms) = postSolution
		{F51F4BB8-651C-442C-928C-1D6FC37C3A3D}.Debug|Any CPU.ActiveCfg = Debug|Any CPU
		{F51F4BB8-651C-442C-928C-1D6FC37C3A3D}.Debug|Any CPU.Build.0 = Debug|Any CPU
		{F51F4BB8-651C-442C-928C-1D6FC37C3A3D}.Release|Any CPU.ActiveCfg = Release|Any CPU
		{F51F4BB8-651C-442C-928C-1D6FC37C3A3D}.Release|Any CPU.Build.0 = Release|Any CPU
	EndGlobalSection
	GlobalSection(SolutionProperties) = preSolution
		HideSolutionNode = FALSE
	EndGlobalSection
	GlobalSection(ExtensibilityGlobals) = postSolution
		SolutionGuid = {6742C0A9-A48D-461F-9E64-4728006D22E4}
	EndGlobalSection
EndGlobal
